<?xml version="1.0" encoding="utf-8"?>
<Project ToolsVersion="4.0" xmlns="http://schemas.microsoft.com/developer/msbuild/2003">
  <ItemGroup>
    <ClCompile Include="main.cpp" />
    <ClCompile Include="RunProcess.cpp" />
    <ClCompile Include="Room.cpp" />
    <ClCompile Include="Game.cpp" />
    <ClCompile Include="Lobby.cpp" />
    <ClCompile Include="LobbyManager.cpp" />
    <ClCompile Include="UserManager.cpp" />
    <ClCompile Include="PacketProcess.cpp" />
    <ClCompile Include="PacketProcessRoom.cpp" />
    <ClCompile Include="PacketProcessLogin.cpp" />
    <ClCompile Include="PacketProcessLobby.cpp" />
  </ItemGroup>
  <ItemGroup>
    <ClInclude Include="RunProcess.h" />
    <ClInclude Include="User.h" />
    <ClInclude Include="Room.h" />
    <ClInclude Include="Game.h" />
    <ClInclude Include="ConsoleLogger.h" />
    <ClInclude Include="ConnectedUserManager.h" />
    <ClInclude Include="Lobby.h" />
    <ClInclude Include="LobbyManager.h" />
    <ClInclude Include="UserManager.h" />
    <ClInclude Include="PacketProcess.h" />
  </ItemGroup>
  <ItemGroup>
    <None Include="ServerConfig.ini" />
  </ItemGroup>
</Project>